
Microsoft Visual Studio Solution File, Format Version 12.00
# Visual Studio Version 16
VisualStudioVersion = 16.0.31205.134
MinimumVisualStudioVersion = 10.0.40219.1
Project("{FAE04EC0-301F-11D3-BF4B-00C04F79EFBC}") = "lab2", "lab2\lab2.csproj", "{3EB023E2-C50C-4BCC-ADA9-322EA9B8FB42}"
EndProject
Global
	GlobalSection(SolutionConfigurationPlatforms) = preSolution
		Debug|Any CPU = Debug|Any CPU
		Release|Any CPU = Release|Any CPU
	EndGlobalSection
	GlobalSection(ProjectConfigurationPlatforms) = postSolution
		{3EB023E2-C50C-4BCC-ADA9-322EA9B8FB42}.Debug|Any CPU.ActiveCfg = Debug|Any CPU
		{3EB023E2-C50C-4BCC-ADA9-322EA9B8FB42}.Debug|Any CPU.Build.0 = Debug|Any CPU
		{3EB023E2-C50C-4BCC-ADA9-322EA9B8FB42}.Release|Any CPU.ActiveCfg = Release|Any CPU
		{3EB023E2-C50C-4BCC-ADA9-322EA9B8FB42}.Release|Any CPU.Build.0 = Release|Any CPU
	EndGlobalSection
	GlobalSection(SolutionProperties) = preSolution
		HideSolutionNode = FALSE
	EndGlobalSection
	GlobalSection(ExtensibilityGlobals) = postSolution
		SolutionGuid = {2CA96ECA-393C-48C8-8832-2B1A75004540}
	EndGlobalSection
EndGlobal
